
Microsoft Visual Studio Solution File, Format Version 12.00
# Visual Studio Version 17
VisualStudioVersion = 17.3.32929.385
MinimumVisualStudioVersion = 10.0.40219.1
Project("{9A19103F-16F7-4668-BE54-9A1E7A4F7556}") = "GeometryLib", "GeometryLib\GeometryLib.csproj", "{B5BE3D63-EB56-4B65-A659-8A066C4B50DF}"
EndProject
Project("{9A19103F-16F7-4668-BE54-9A1E7A4F7556}") = "TestProject1", "TestProject1\TestProject1.csproj", "{3B8B18B8-6309-49ED-8FD6-4C2764379C72}"
EndProject
Project("{9A19103F-16F7-4668-BE54-9A1E7A4F7556}") = "Viewer2d", "Viewer2d\Viewer2d.csproj", "{8B291975-B995-4781-A440-B39E7BFD7961}"
EndProject
Project("{9A19103F-16F7-4668-BE54-9A1E7A4F7556}") = "WebApplication1", "WebApplication1\WebApplication1.csproj", "{0BEF3D00-E41A-41A4-B01B-E73BCD01513F}"
EndProject
Project("{FAE04EC0-301F-11D3-BF4B-00C04F79EFBC}") = "WebApplication2", "WebApplication2\WebApplication2.csproj", "{099889BC-D646-479F-927D-5A9024A9B0CE}"
EndProject
Project("{FAE04EC0-301F-11D3-BF4B-00C04F79EFBC}") = "DemoAlgorithms", "DemoAlgorithms\DemoAlgorithms.csproj", "{992167C9-C36A-4A33-9DB4-151722DE9E7A}"
EndProject
Global
	GlobalSection(SolutionConfigurationPlatforms) = preSolution
		Debug|Any CPU = Debug|Any CPU
		Release|Any CPU = Release|Any CPU
	EndGlobalSection
	GlobalSection(ProjectConfigurationPlatforms) = postSolution
		{B5BE3D63-EB56-4B65-A659-8A066C4B50DF}.Debug|Any CPU.ActiveCfg = Debug|Any CPU
		{B5BE3D63-EB56-4B65-A659-8A066C4B50DF}.Debug|Any CPU.Build.0 = Debug|Any CPU
		{B5BE3D63-EB56-4B65-A659-8A066C4B50DF}.Release|Any CPU.ActiveCfg = Release|Any CPU
		{B5BE3D63-EB56-4B65-A659-8A066C4B50DF}.Release|Any CPU.Build.0 = Release|Any CPU
		{3B8B18B8-6309-49ED-8FD6-4C2764379C72}.Debug|Any CPU.ActiveCfg = Debug|Any CPU
		{3B8B18B8-6309-49ED-8FD6-4C2764379C72}.Debug|Any CPU.Build.0 = Debug|Any CPU
		{3B8B18B8-6309-49ED-8FD6-4C2764379C72}.Release|Any CPU.ActiveCfg = Release|Any CPU
		{3B8B18B8-6309-49ED-8FD6-4C2764379C72}.Release|Any CPU.Build.0 = Release|Any CPU
		{8B291975-B995-4781-A440-B39E7BFD7961}.Debug|Any CPU.ActiveCfg = Debug|Any CPU
		{8B291975-B995-4781-A440-B39E7BFD7961}.Debug|Any CPU.Build.0 = Debug|Any CPU
		{8B291975-B995-4781-A440-B39E7BFD7961}.Release|Any CPU.ActiveCfg = Release|Any CPU
		{8B291975-B995-4781-A440-B39E7BFD7961}.Release|Any CPU.Build.0 = Release|Any CPU
		{0BEF3D00-E41A-41A4-B01B-E73BCD01513F}.Debug|Any CPU.ActiveCfg = Debug|Any CPU
		{0BEF3D00-E41A-41A4-B01B-E73BCD01513F}.Debug|Any CPU.Build.0 = Debug|Any CPU
		{0BEF3D00-E41A-41A4-B01B-E73BCD01513F}.Release|Any CPU.ActiveCfg = Release|Any CPU
		{0BEF3D00-E41A-41A4-B01B-E73BCD01513F}.Release|Any CPU.Build.0 = Release|Any CPU
		{099889BC-D646-479F-927D-5A9024A9B0CE}.Debug|Any CPU.ActiveCfg = Debug|Any CPU
		{099889BC-D646-479F-927D-5A9024A9B0CE}.Debug|Any CPU.Build.0 = Debug|Any CPU
		{099889BC-D646-479F-927D-5A9024A9B0CE}.Release|Any CPU.ActiveCfg = Release|Any CPU
		{099889BC-D646-479F-927D-5A9024A9B0CE}.Release|Any CPU.Build.0 = Release|Any CPU
		{992167C9-C36A-4A33-9DB4-151722DE9E7A}.Debug|Any CPU.ActiveCfg = Debug|Any CPU
		{992167C9-C36A-4A33-9DB4-151722DE9E7A}.Debug|Any CPU.Build.0 = Debug|Any CPU
		{992167C9-C36A-4A33-9DB4-151722DE9E7A}.Release|Any CPU.ActiveCfg = Release|Any CPU
		{992167C9-C36A-4A33-9DB4-151722DE9E7A}.Release|Any CPU.Build.0 = Release|Any CPU
	EndGlobalSection
	GlobalSection(SolutionProperties) = preSolution
		HideSolutionNode = FALSE
	EndGlobalSection
	GlobalSection(ExtensibilityGlobals) = postSolution
		SolutionGuid = {D5D8B9BE-55AC-487B-A905-917C700C93DD}
	EndGlobalSection
EndGlobal
